// !$*UTF8*$!
{
	archiveVersion = 1;
	classes = {
	};
	objectVersion = 46;
	objects = {

/* Begin PBXBuildFile section */
		253D87A81C75F78E00A1A80B /* main.m in Sources */ = {isa = PBXBuildFile; fileRef = 253D87A71C75F78E00A1A80B /* main.m */; };
		253D87AB1C75F78E00A1A80B /* AppDelegate.m in Sources */ = {isa = PBXBuildFile; fileRef = 253D87AA1C75F78E00A1A80B /* AppDelegate.m */; };
		253D87AE1C75F78E00A1A80B /* ViewController.m in Sources */ = {isa = PBXBuildFile; fileRef = 253D87AD1C75F78E00A1A80B /* ViewController.m */; };
		253D87B11C75F78E00A1A80B /* Main.storyboard in Resources */ = {isa = PBXBuildFile; fileRef = 253D87AF1C75F78E00A1A80B /* Main.storyboard */; };
		253D87B41C75F78E00A1A80B /* CoreImage.xcdatamodeld in Sources */ = {isa = PBXBuildFile; fileRef = 253D87B21C75F78E00A1A80B /* CoreImage.xcdatamodeld */; };
		253D87B61C75F78E00A1A80B /* Assets.xcassets in Resources */ = {isa = PBXBuildFile; fileRef = 253D87B51C75F78E00A1A80B /* Assets.xcassets */; };
		253D87B91C75F78F00A1A80B /* LaunchScreen.storyboard in Resources */ = {isa = PBXBuildFile; fileRef = 253D87B71C75F78F00A1A80B /* LaunchScreen.storyboard */; };
		253D87C41C75F78F00A1A80B /* CoreImageTests.m in Sources */ = {isa = PBXBuildFile; fileRef = 253D87C31C75F78F00A1A80B /* CoreImageTests.m */; };
		253D87CF1C75F78F00A1A80B /* CoreImageUITests.m in Sources */ = {isa = PBXBuildFile; fileRef = 253D87CE1C75F78F00A1A80B /* CoreImageUITests.m */; };
		253D87DD1C75F83300A1A80B /* imageTest.png in Resources */ = {isa = PBXBuildFile; fileRef = 253D87DC1C75F83300A1A80B /* imageTest.png */; };
		253D87DF1C76055A00A1A80B /* imageTest2.jpg in Resources */ = {isa = PBXBuildFile; fileRef = 253D87DE1C76055A00A1A80B /* imageTest2.jpg */; };
/* End PBXBuildFile section */

/* Begin PBXContainerItemProxy section */
		253D87C01C75F78F00A1A80B /* PBXContainerItemProxy */ = {
			isa = PBXContainerItemProxy;
			containerPortal = 253D879B1C75F78E00A1A80B /* Project object */;
			proxyType = 1;
			remoteGlobalIDString = 253D87A21C75F78E00A1A80B;
			remoteInfo = CoreImage;
		};
		253D87CB1C75F78F00A1A80B /* PBXContainerItemProxy */ = {
			isa = PBXContainerItemProxy;
			containerPortal = 253D879B1C75F78E00A1A80B /* Project object */;
			proxyType = 1;
			remoteGlobalIDString = 253D87A21C75F78E00A1A80B;
			remoteInfo = CoreImage;
		};
/* End PBXContainerItemProxy section */

/* Begin PBXFileReference section */
		253D87A31C75F78E00A1A80B /* CoreImage.app */ = {isa = PBXFileReference; explicitFileType = wrapper.application; includeInIndex = 0; path = CoreImage.app; sourceTree = BUILT_PRODUCTS_DIR; };
		253D87A71C75F78E00A1A80B /* main.m */ = {isa = PBXFileReference; lastKnownFileType = sourcecode.c.objc; path = main.m; sourceTree = "<group>"; };
		253D87A91C75F78E00A1A80B /* AppDelegate.h */ = {isa = PBXFileReference; lastKnownFileType = sourcecode.c.h; path = AppDelegate.h; sourceTree = "<group>"; };
		253D87AA1C75F78E00A1A80B /* AppDelegate.m */ = {isa = PBXFileReference; lastKnownFileType = sourcecode.c.objc; path = AppDelegate.m; sourceTree = "<group>"; };
		253D87AC1C75F78E00A1A80B /* ViewController.h */ = {isa = PBXFileReference; lastKnownFileType = sourcecode.c.h; path = ViewController.h; sourceTree = "<group>"; };
		253D87AD1C75F78E00A1A80B /* ViewController.m */ = {isa = PBXFileReference; lastKnownFileType = sourcecode.c.objc; path = ViewController.m; sourceTree = "<group>"; };
		253D87B01C75F78E00A1A80B /* Base */ = {isa = PBXFileReference; lastKnownFileType = file.storyboard; name = Base; path = Base.lproj/Main.storyboard; sourceTree = "<group>"; };
		253D87B31C75F78E00A1A80B /* CoreImage.xcdatamodel */ = {isa = PBXFileReference; lastKnownFileType = wrapper.xcdatamodel; path = CoreImage.xcdatamodel; sourceTree = "<group>"; };
		253D87B51C75F78E00A1A80B /* Assets.xcassets */ = {isa = PBXFileReference; lastKnownFileType = folder.assetcatalog; path = Assets.xcassets; sourceTree = "<group>"; };
		253D87B81C75F78F00A1A80B /* Base */ = {isa = PBXFileReference; lastKnownFileType = file.storyboard; name = Base; path = Base.lproj/LaunchScreen.storyboard; sourceTree = "<group>"; };
		253D87BA1C75F78F00A1A80B /* Info.plist */ = {isa = PBXFileReference; lastKnownFileType = text.plist.xml; path = Info.plist; sourceTree = "<group>"; };
		253D87BF1C75F78F00A1A80B /* CoreImageTests.xctest */ = {isa = PBXFileReference; explicitFileType = wrapper.cfbundle; includeInIndex = 0; path = CoreImageTests.xctest; sourceTree = BUILT_PRODUCTS_DIR; };
		253D87C31C75F78F00A1A80B /* CoreImageTests.m */ = {isa = PBXFileReference; lastKnownFileType = sourcecode.c.objc; path = CoreImageTests.m; sourceTree = "<group>"; };
		253D87C51C75F78F00A1A80B /* Info.plist */ = {isa = PBXFileReference; lastKnownFileType = text.plist.xml; path = Info.plist; sourceTree = "<group>"; };
		253D87CA1C75F78F00A1A80B /* CoreImageUITests.xctest */ = {isa = PBXFileReference; explicitFileType = wrapper.cfbundle; includeInIndex = 0; path = CoreImageUITests.xctest; sourceTree = BUILT_PRODUCTS_DIR; };
		253D87CE1C75F78F00A1A80B /* CoreImageUITests.m */ = {isa = PBXFileReference; lastKnownFileType = sourcecode.c.objc; path = CoreImageUITests.m; sourceTree = "<group>"; };
		253D87D01C75F78F00A1A80B /* Info.plist */ = {isa = PBXFileReference; lastKnownFileType = text.plist.xml; path = Info.plist; sourceTree = "<group>"; };
		253D87DC1C75F83300A1A80B /* imageTest.png */ = {isa = PBXFileReference; lastKnownFileType = image.png; path = imageTest.png; sourceTree = "<group>"; };
		253D87DE1C76055A00A1A80B /* imageTest2.jpg */ = {isa = PBXFileReference; lastKnownFileType = image.jpeg; path = imageTest2.jpg; sourceTree = "<group>"; };
/* End PBXFileReference section */

/* Begin PBXFrameworksBuildPhase section */
		253D87A01C75F78E00A1A80B /* Frameworks */ = {
			isa = PBXFrameworksBuildPhase;
			buildActionMask = 2147483647;
			files = (
			);
			runOnlyForDeploymentPostprocessing = 0;
		};
		253D87BC1C75F78F00A1A80B /* Frameworks */ = {
			isa = PBXFrameworksBuildPhase;
			buildActionMask = 2147483647;
			files = (
			);
			runOnlyForDeploymentPostprocessing = 0;
		};
		253D87C71C75F78F00A1A80B /* Frameworks */ = {
			isa = PBXFrameworksBuildPhase;
			buildActionMask = 2147483647;
			files = (
			);
			runOnlyForDeploymentPostprocessing = 0;
		};
/* End PBXFrameworksBuildPhase section */

/* Begin PBXGroup section */
		253D879A1C75F78E00A1A80B = {
			isa = PBXGroup;
			children = (
				253D87A51C75F78E00A1A80B /* CoreImage */,
				253D87C21C75F78F00A1A80B /* CoreImageTests */,
				253D87CD1C75F78F00A1A80B /* CoreImageUITests */,
				253D87A41C75F78E00A1A80B /* Products */,
			);
			sourceTree = "<group>";
		};
		253D87A41C75F78E00A1A80B /* Products */ = {
			isa = PBXGroup;
			children = (
				253D87A31C75F78E00A1A80B /* CoreImage.app */,
				253D87BF1C75F78F00A1A80B /* CoreImageTests.xctest */,
				253D87CA1C75F78F00A1A80B /* CoreImageUITests.xctest */,
			);
			name = Products;
			sourceTree = "<group>";
		};
		253D87A51C75F78E00A1A80B /* CoreImage */ = {
			isa = PBXGroup;
			children = (
				253D87DC1C75F83300A1A80B /* imageTest.png */,
				253D87DE1C76055A00A1A80B /* imageTest2.jpg */,
				253D87A91C75F78E00A1A80B /* AppDelegate.h */,
				253D87AA1C75F78E00A1A80B /* AppDelegate.m */,
				253D87AC1C75F78E00A1A80B /* ViewController.h */,
				253D87AD1C75F78E00A1A80B /* ViewController.m */,
				253D87AF1C75F78E00A1A80B /* Main.storyboard */,
				253D87B51C75F78E00A1A80B /* Assets.xcassets */,
				253D87B71C75F78F00A1A80B /* LaunchScreen.storyboard */,
				253D87BA1C75F78F00A1A80B /* Info.plist */,
				253D87B21C75F78E00A1A80B /* CoreImage.xcdatamodeld */,
				253D87A61C75F78E00A1A80B /* Supporting Files */,
			);
			path = CoreImage;
			sourceTree = "<group>";
		};
		253D87A61C75F78E00A1A80B /* Supporting Files */ = {
			isa = PBXGroup;
			children = (
				253D87A71C75F78E00A1A80B /* main.m */,
			);
			name = "Supporting Files";
			sourceTree = "<group>";
		};
		253D87C21C75F78F00A1A80B /* CoreImageTests */ = {
			isa = PBXGroup;
			children = (
				253D87C31C75F78F00A1A80B /* CoreImageTests.m */,
				253D87C51C75F78F00A1A80B /* Info.plist */,
			);
			path = CoreImageTests;
			sourceTree = "<group>";
		};
		253D87CD1C75F78F00A1A80B /* CoreImageUITests */ = {
			isa = PBXGroup;
			children = (
				253D87CE1C75F78F00A1A80B /* CoreImageUITests.m */,
				253D87D01C75F78F00A1A80B /* Info.plist */,
			);
			path = CoreImageUITests;
			sourceTree = "<group>";
		};
/* End PBXGroup section */

/* Begin PBXNativeTarget section */
		253D87A21C75F78E00A1A80B /* CoreImage */ = {
			isa = PBXNativeTarget;
			buildConfigurationList = 253D87D31C75F78F00A1A80B /* Build configuration list for PBXNativeTarget "CoreImage" */;
			buildPhases = (
				253D879F1C75F78E00A1A80B /* Sources */,
				253D87A01C75F78E00A1A80B /* Frameworks */,
				253D87A11C75F78E00A1A80B /* Resources */,
			);
			buildRules = (
			);
			dependencies = (
			);
			name = CoreImage;
			productName = CoreImage;
			productReference = 253D87A31C75F78E00A1A80B /* CoreImage.app */;
			productType = "com.apple.product-type.application";
		};
		253D87BE1C75F78F00A1A80B /* CoreImageTests */ = {
			isa = PBXNativeTarget;
			buildConfigurationList = 253D87D61C75F78F00A1A80B /* Build configuration list for PBXNativeTarget "CoreImageTests" */;
			buildPhases = (
				253D87BB1C75F78F00A1A80B /* Sources */,
				253D87BC1C75F78F00A1A80B /* Frameworks */,
				253D87BD1C75F78F00A1A80B /* Resources */,
			);
			buildRules = (
			);
			dependencies = (
				253D87C11C75F78F00A1A80B /* PBXTargetDependency */,
			);
			name = CoreImageTests;
			productName = CoreImageTests;
			productReference = 253D87BF1C75F78F00A1A80B /* CoreImageTests.xctest */;
			productType = "com.apple.product-type.bundle.unit-test";
		};
		253D87C91C75F78F00A1A80B /* CoreImageUITests */ = {
			isa = PBXNativeTarget;
			buildConfigurationList = 253D87D91C75F78F00A1A80B /* Build configuration list for PBXNativeTarget "CoreImageUITests" */;
			buildPhases = (
				253D87C61C75F78F00A1A80B /* Sources */,
				253D87C71C75F78F00A1A80B /* Frameworks */,
				253D87C81C75F78F00A1A80B /* Resources */,
			);
			buildRules = (
			);
			dependencies = (
				253D87CC1C75F78F00A1A80B /* PBXTargetDependency */,
			);
			name = CoreImageUITests;
			productName = CoreImageUITests;
			productReference = 253D87CA1C75F78F00A1A80B /* CoreImageUITests.xctest */;
			productType = "com.apple.product-type.bundle.ui-testing";
		};
/* End PBXNativeTarget section */

/* Begin PBXProject section */
		253D879B1C75F78E00A1A80B /* Project object */ = {
			isa = PBXProject;
			attributes = {
				LastUpgradeCheck = 0720;
				ORGANIZATIONNAME = xavier;
				TargetAttributes = {
					253D87A21C75F78E00A1A80B = {
						CreatedOnToolsVersion = 7.2;
					};
					253D87BE1C75F78F00A1A80B = {
						CreatedOnToolsVersion = 7.2;
						TestTargetID = 253D87A21C75F78E00A1A80B;
					};
					253D87C91C75F78F00A1A80B = {
						CreatedOnToolsVersion = 7.2;
						TestTargetID = 253D87A21C75F78E00A1A80B;
					};
				};
			};
			buildConfigurationList = 253D879E1C75F78E00A1A80B /* Build configuration list for PBXProject "CoreImage" */;
			compatibilityVersion = "Xcode 3.2";
			developmentRegion = English;
			hasScannedForEncodings = 0;
			knownRegions = (
				en,
				Base,
			);
			mainGroup = 253D879A1C75F78E00A1A80B;
			productRefGroup = 253D87A41C75F78E00A1A80B /* Products */;
			projectDirPath = "";
			projectRoot = "";
			targets = (
				253D87A21C75F78E00A1A80B /* CoreImage */,
				253D87BE1C75F78F00A1A80B /* CoreImageTests */,
				253D87C91C75F78F00A1A80B /* CoreImageUITests */,
			);
		};
/* End PBXProject section */

/* Begin PBXResourcesBuildPhase section */
		253D87A11C75F78E00A1A80B /* Resources */ = {
			isa = PBXResourcesBuildPhase;
			buildActionMask = 2147483647;
			files = (
				253D87DF1C76055A00A1A80B /* imageTest2.jpg in Resources */,
				253D87B91C75F78F00A1A80B /* LaunchScreen.storyboard in Resources */,
				253D87DD1C75F83300A1A80B /* imageTest.png in Resources */,
				253D87B61C75F78E00A1A80B /* Assets.xcassets in Resources */,
				253D87B11C75F78E00A1A80B /* Main.storyboard in Resources */,
			);
			runOnlyForDeploymentPostprocessing = 0;
		};
		253D87BD1C75F78F00A1A80B /* Resources */ = {
			isa = PBXResourcesBuildPhase;
			buildActionMask = 2147483647;
			files = (
			);
			runOnlyForDeploymentPostprocessing = 0;
		};
		253D87C81C75F78F00A1A80B /* Resources */ = {
			isa = PBXResourcesBuildPhase;
			buildActionMask = 2147483647;
			files = (
			);
			runOnlyForDeploymentPostprocessing = 0;
		};
/* End PBXResourcesBuildPhase section */

/* Begin PBXSourcesBuildPhase section */
		253D879F1C75F78E00A1A80B /* Sources */ = {
			isa = PBXSourcesBuildPhase;
			buildActionMask = 2147483647;
			files = (
				253D87AE1C75F78E00A1A80B /* ViewController.m in Sources */,
				253D87AB1C75F78E00A1A80B /* AppDelegate.m in Sources */,
				253D87B41C75F78E00A1A80B /* CoreImage.xcdatamodeld in Sources */,
				253D87A81C75F78E00A1A80B /* main.m in Sources */,
			);
			runOnlyForDeploymentPostprocessing = 0;
		};
		253D87BB1C75F78F00A1A80B /* Sources */ = {
			isa = PBXSourcesBuildPhase;
			buildActionMask = 2147483647;
			files = (
				253D87C41C75F78F00A1A80B /* CoreImageTests.m in Sources */,
			);
			runOnlyForDeploymentPostprocessing = 0;
		};
		253D87C61C75F78F00A1A80B /* Sources */ = {
			isa = PBXSourcesBuildPhase;
			buildActionMask = 2147483647;
			files = (
				253D87CF1C75F78F00A1A80B /* CoreImageUITests.m in Sources */,
			);
			runOnlyForDeploymentPostprocessing = 0;
		};
/* End PBXSourcesBuildPhase section */

/* Begin PBXTargetDependency section */
		253D87C11C75F78F00A1A80B /* PBXTargetDependency */ = {
			isa = PBXTargetDependency;
			target = 253D87A21C75F78E00A1A80B /* CoreImage */;
			targetProxy = 253D87C01C75F78F00A1A80B /* PBXContainerItemProxy */;
		};
		253D87CC1C75F78F00A1A80B /* PBXTargetDependency */ = {
			isa = PBXTargetDependency;
			target = 253D87A21C75F78E00A1A80B /* CoreImage */;
			targetProxy = 253D87CB1C75F78F00A1A80B /* PBXContainerItemProxy */;
		};
/* End PBXTargetDependency section */

/* Begin PBXVariantGroup section */
		253D87AF1C75F78E00A1A80B /* Main.storyboard */ = {
			isa = PBXVariantGroup;
			children = (
				253D87B01C75F78E00A1A80B /* Base */,
			);
			name = Main.storyboard;
			sourceTree = "<group>";
		};
		253D87B71C75F78F00A1A80B /* LaunchScreen.storyboard */ = {
			isa = PBXVariantGroup;
			children = (
				253D87B81C75F78F00A1A80B /* Base */,
			);
			name = LaunchScreen.storyboard;
			sourceTree = "<group>";
		};
/* End PBXVariantGroup section */

/* Begin XCBuildConfiguration section */
		253D87D11C75F78F00A1A80B /* Debug */ = {
			isa = XCBuildConfiguration;
			buildSettings = {
				ALWAYS_SEARCH_USER_PATHS = NO;
				CLANG_CXX_LANGUAGE_STANDARD = "gnu++0x";
				CLANG_CXX_LIBRARY = "libc++";
				CLANG_ENABLE_MODULES = YES;
				CLANG_ENABLE_OBJC_ARC = YES;
				CLANG_WARN_BOOL_CONVERSION = YES;
				CLANG_WARN_CONSTANT_CONVERSION = YES;
				CLANG_WARN_DIRECT_OBJC_ISA_USAGE = YES_ERROR;
				CLANG_WARN_EMPTY_BODY = YES;
				CLANG_WARN_ENUM_CONVERSION = YES;
				CLANG_WARN_INT_CONVERSION = YES;
				CLANG_WARN_OBJC_ROOT_CLASS = YES_ERROR;
				CLANG_WARN_UNREACHABLE_CODE = YES;
				CLANG_WARN__DUPLICATE_METHOD_MATCH = YES;
				"CODE_SIGN_IDENTITY[sdk=iphoneos*]" = "iPhone Developer";
				COPY_PHASE_STRIP = NO;
				DEBUG_INFORMATION_FORMAT = dwarf;
				ENABLE_STRICT_OBJC_MSGSEND = YES;
				ENABLE_TESTABILITY = YES;
				GCC_C_LANGUAGE_STANDARD = gnu99;
				GCC_DYNAMIC_NO_PIC = NO;
				GCC_NO_COMMON_BLOCKS = YES;
				GCC_OPTIMIZATION_LEVEL = 0;
				GCC_PREPROCESSOR_DEFINITIONS = (
					"DEBUG=1",
					"$(inherited)",
				);
				GCC_WARN_64_TO_32_BIT_CONVERSION = YES;
				GCC_WARN_ABOUT_RETURN_TYPE = YES_ERROR;
				GCC_WARN_UNDECLARED_SELECTOR = YES;
				GCC_WARN_UNINITIALIZED_AUTOS = YES_AGGRESSIVE;
				GCC_WARN_UNUSED_FUNCTION = YES;
				GCC_WARN_UNUSED_VARIABLE = YES;
				IPHONEOS_DEPLOYMENT_TARGET = 9.2;
				MTL_ENABLE_DEBUG_INFO = YES;
				ONLY_ACTIVE_ARCH = YES;
				SDKROOT = iphoneos;
				TARGETED_DEVICE_FAMILY = "1,2";
			};
			name = Debug;
		};
		253D87D21C75F78F00A1A80B /* Release */ = {
			isa = XCBuildConfiguration;
			buildSettings = {
				ALWAYS_SEARCH_USER_PATHS = NO;
				CLANG_CXX_LANGUAGE_STANDARD = "gnu++0x";
				CLANG_CXX_LIBRARY = "libc++";
				CLANG_ENABLE_MODULES = YES;
				CLANG_ENABLE_OBJC_ARC = YES;
				CLANG_WARN_BOOL_CONVERSION = YES;
				CLANG_WARN_CONSTANT_CONVERSION = YES;
				CLANG_WARN_DIRECT_OBJC_ISA_USAGE = YES_ERROR;
				CLANG_WARN_EMPTY_BODY = YES;
				CLANG_WARN_ENUM_CONVERSION = YES;
				CLANG_WARN_INT_CONVERSION = YES;
				CLANG_WARN_OBJC_ROOT_CLASS = YES_ERROR;
				CLANG_WARN_UNREACHABLE_CODE = YES;
				CLANG_WARN__DUPLICATE_METHOD_MATCH = YES;
				"CODE_SIGN_IDENTITY[sdk=iphoneos*]" = "iPhone Developer";
				COPY_PHASE_STRIP = NO;
				DEBUG_INFORMATION_FORMAT = "dwarf-with-dsym";
				ENABLE_NS_ASSERTIONS = NO;
				ENABLE_STRICT_OBJC_MSGSEND = YES;
				GCC_C_LANGUAGE_STANDARD = gnu99;
				GCC_NO_COMMON_BLOCKS = YES;
				GCC_WARN_64_TO_32_BIT_CONVERSION = YES;
				GCC_WARN_ABOUT_RETURN_TYPE = YES_ERROR;
				GCC_WARN_UNDECLARED_SELECTOR = YES;
				GCC_WARN_UNINITIALIZED_AUTOS = YES_AGGRESSIVE;
				GCC_WARN_UNUSED_FUNCTION = YES;
				GCC_WARN_UNUSED_VARIABLE = YES;
				IPHONEOS_DEPLOYMENT_TARGET = 9.2;
				MTL_ENABLE_DEBUG_INFO = NO;
				SDKROOT = iphoneos;
				TARGETED_DEVICE_FAMILY = "1,2";
				VALIDATE_PRODUCT = YES;
			};
			name = Release;
		};
		253D87D41C75F78F00A1A80B /* Debug */ = {
			isa = XCBuildConfiguration;
			buildSettings = {
				ASSETCATALOG_COMPILER_APPICON_NAME = AppIcon;
				INFOPLIST_FILE = CoreImage/Info.plist;
				LD_RUNPATH_SEARCH_PATHS = "$(inherited) @executable_path/Frameworks";
				PRODUCT_BUNDLE_IDENTIFIER = xavier.CoreImage;
				PRODUCT_NAME = "$(TARGET_NAME)";
			};
			name = Debug;
		};
		253D87D51C75F78F00A1A80B /* Release */ = {
			isa = XCBuildConfiguration;
			buildSettings = {
				ASSETCATALOG_COMPILER_APPICON_NAME = AppIcon;
				INFOPLIST_FILE = CoreImage/Info.plist;
				LD_RUNPATH_SEARCH_PATHS = "$(inherited) @executable_path/Frameworks";
				PRODUCT_BUNDLE_IDENTIFIER = xavier.CoreImage;
				PRODUCT_NAME = "$(TARGET_NAME)";
			};
			name = Release;
		};
		253D87D71C75F78F00A1A80B /* Debug */ = {
			isa = XCBuildConfiguration;
			buildSettings = {
				BUNDLE_LOADER = "$(TEST_HOST)";
				INFOPLIST_FILE = CoreImageTests/Info.plist;
				LD_RUNPATH_SEARCH_PATHS = "$(inherited) @executable_path/Frameworks @loader_path/Frameworks";
				PRODUCT_BUNDLE_IDENTIFIER = xavier.CoreImageTests;
				PRODUCT_NAME = "$(TARGET_NAME)";
				TEST_HOST = "$(BUILT_PRODUCTS_DIR)/CoreImage.app/CoreImage";
			};
			name = Debug;
		};
		253D87D81C75F78F00A1A80B /* Release */ = {
			isa = XCBuildConfiguration;
			buildSettings = {
				BUNDLE_LOADER = "$(TEST_HOST)";
				INFOPLIST_FILE = CoreImageTests/Info.plist;
				LD_RUNPATH_SEARCH_PATHS = "$(inherited) @executable_path/Frameworks @loader_path/Frameworks";
				PRODUCT_BUNDLE_IDENTIFIER = xavier.CoreImageTests;
				PRODUCT_NAME = "$(TARGET_NAME)";
				TEST_HOST = "$(BUILT_PRODUCTS_DIR)/CoreImage.app/CoreImage";
			};
			name = Release;
		};
		253D87DA1C75F78F00A1A80B /* Debug */ = {
			isa = XCBuildConfiguration;
			buildSettings = {
				INFOPLIST_FILE = CoreImageUITests/Info.plist;
				LD_RUNPATH_SEARCH_PATHS = "$(inherited) @executable_path/Frameworks @loader_path/Frameworks";
				PRODUCT_BUNDLE_IDENTIFIER = xavier.CoreImageUITests;
				PRODUCT_NAME = "$(TARGET_NAME)";
				TEST_TARGET_NAME = CoreImage;
				USES_XCTRUNNER = YES;
			};
			name = Debug;
		};
		253D87DB1C75F78F00A1A80B /* Release */ = {
			isa = XCBuildConfiguration;
			buildSettings = {
				INFOPLIST_FILE = CoreImageUITests/Info.plist;
				LD_RUNPATH_SEARCH_PATHS = "$(inherited) @executable_path/Frameworks @loader_path/Frameworks";
				PRODUCT_BUNDLE_IDENTIFIER = xavier.CoreImageUITests;
				PRODUCT_NAME = "$(TARGET_NAME)";
				TEST_TARGET_NAME = CoreImage;
				USES_XCTRUNNER = YES;
			};
			name = Release;
		};
/* End XCBuildConfiguration section */

/* Begin XCConfigurationList section */
		253D879E1C75F78E00A1A80B /* Build configuration list for PBXProject "CoreImage" */ = {
			isa = XCConfigurationList;
			buildConfigurations = (
				253D87D11C75F78F00A1A80B /* Debug */,
				253D87D21C75F78F00A1A80B /* Release */,
			);
			defaultConfigurationIsVisible = 0;
			defaultConfigurationName = Release;
		};
		253D87D31C75F78F00A1A80B /* Build configuration list for PBXNativeTarget "CoreImage" */ = {
			isa = XCConfigurationList;
			buildConfigurations = (
				253D87D41C75F78F00A1A80B /* Debug */,
				253D87D51C75F78F00A1A80B /* Release */,
			);
			defaultConfigurationIsVisible = 0;
		};
		253D87D61C75F78F00A1A80B /* Build configuration list for PBXNativeTarget "CoreImageTests" */ = {
			isa = XCConfigurationList;
			buildConfigurations = (
				253D87D71C75F78F00A1A80B /* Debug */,
				253D87D81C75F78F00A1A80B /* Release */,
			);
			defaultConfigurationIsVisible = 0;
		};
		253D87D91C75F78F00A1A80B /* Build configuration list for PBXNativeTarget "CoreImageUITests" */ = {
			isa = XCConfigurationList;
			buildConfigurations = (
				253D87DA1C75F78F00A1A80B /* Debug */,
				253D87DB1C75F78F00A1A80B /* Release */,
			);
			defaultConfigurationIsVisible = 0;
		};
/* End XCConfigurationList section */

/* Begin XCVersionGroup section */
		253D87B21C75F78E00A1A80B /* CoreImage.xcdatamodeld */ = {
			isa = XCVersionGroup;
			children = (
				253D87B31C75F78E00A1A80B /* CoreImage.xcdatamodel */,
			);
			currentVersion = 253D87B31C75F78E00A1A80B /* CoreImage.xcdatamodel */;
			path = CoreImage.xcdatamodeld;
			sourceTree = "<group>";
			versionGroupType = wrapper.xcdatamodel;
		};
/* End XCVersionGroup section */
	};
	rootObject = 253D879B1C75F78E00A1A80B /* Project object */;
}
